
Microsoft Visual Studio Solution File, Format Version 12.00
# Visual Studio Version 17
VisualStudioVersion = 17.8.34525.116
MinimumVisualStudioVersion = 10.0.40219.1
Project("{2150E333-8FDC-42A3-9474-1A3956D46DE8}") = "Core", "Core", "{52A32303-7F5D-4A7C-BB96-818BB6D9DBC9}"
EndProject
Project("{2150E333-8FDC-42A3-9474-1A3956D46DE8}") = "Frontends", "Frontends", "{417F8039-DDB6-44A0-B4F3-CB0F69D126AE}"
EndProject
Project("{2150E333-8FDC-42A3-9474-1A3956D46DE8}") = "Infrastructure", "Infrastructure", "{590C2E7B-6386-4088-B008-CA03A828727F}"
EndProject
Project("{2150E333-8FDC-42A3-9474-1A3956D46DE8}") = "Presentation", "Presentation", "{07D666EB-1BA6-488D-949B-E7CF8027601D}"
EndProject
Project("{2150E333-8FDC-42A3-9474-1A3956D46DE8}") = "Requirements", "Requirements", "{6AA16057-D800-4F5F-94B0-09A0DEE3957D}"
EndProject
Project("{FAE04EC0-301F-11D3-BF4B-00C04F79EFBC}") = "MovieApi.Domain", "Core\MovieApi.Domain\MovieApi.Domain.csproj", "{2C07F0C4-AA6A-440F-9C2F-6008AEA4E26D}"
EndProject
Project("{FAE04EC0-301F-11D3-BF4B-00C04F79EFBC}") = "MovieApi.Persistance", "Infrastructure\MovieApi.Persistance\MovieApi.Persistance.csproj", "{86603D6B-243C-44B7-9771-3E7FFC8A973C}"
EndProject
Project("{FAE04EC0-301F-11D3-BF4B-00C04F79EFBC}") = "MovieApi.Api", "Presentation\MovieApi.Api\MovieApi.Api.csproj", "{9C88C220-2D12-47BC-ACAF-B0A91C85A55A}"
EndProject
Project("{FAE04EC0-301F-11D3-BF4B-00C04F79EFBC}") = "MovieApi.Application", "Core\MovieApi.Application\MovieApi.Application.csproj", "{5BAAEC7C-33BB-4BED-B4C7-156C04A0773D}"
EndProject
Project("{FAE04EC0-301F-11D3-BF4B-00C04F79EFBC}") = "MovieApi.WebUI", "Frontends\MovieApi.WebUI\MovieApi.WebUI.csproj", "{0CBEADFC-3939-4B99-AE2A-BFC006EE30E9}"
EndProject
Project("{FAE04EC0-301F-11D3-BF4B-00C04F79EFBC}") = "MovieApi.Dto", "MovieApi.Dto\MovieApi.Dto.csproj", "{F2E28CDF-2AFF-4D83-9811-9C2F0899D583}"
EndProject
Global
	GlobalSection(SolutionConfigurationPlatforms) = preSolution
		Debug|Any CPU = Debug|Any CPU
		Release|Any CPU = Release|Any CPU
	EndGlobalSection
	GlobalSection(ProjectConfigurationPlatforms) = postSolution
		{2C07F0C4-AA6A-440F-9C2F-6008AEA4E26D}.Debug|Any CPU.ActiveCfg = Debug|Any CPU
		{2C07F0C4-AA6A-440F-9C2F-6008AEA4E26D}.Debug|Any CPU.Build.0 = Debug|Any CPU
		{2C07F0C4-AA6A-440F-9C2F-6008AEA4E26D}.Release|Any CPU.ActiveCfg = Release|Any CPU
		{2C07F0C4-AA6A-440F-9C2F-6008AEA4E26D}.Release|Any CPU.Build.0 = Release|Any CPU
		{86603D6B-243C-44B7-9771-3E7FFC8A973C}.Debug|Any CPU.ActiveCfg = Debug|Any CPU
		{86603D6B-243C-44B7-9771-3E7FFC8A973C}.Debug|Any CPU.Build.0 = Debug|Any CPU
		{86603D6B-243C-44B7-9771-3E7FFC8A973C}.Release|Any CPU.ActiveCfg = Release|Any CPU
		{86603D6B-243C-44B7-9771-3E7FFC8A973C}.Release|Any CPU.Build.0 = Release|Any CPU
		{9C88C220-2D12-47BC-ACAF-B0A91C85A55A}.Debug|Any CPU.ActiveCfg = Debug|Any CPU
		{9C88C220-2D12-47BC-ACAF-B0A91C85A55A}.Debug|Any CPU.Build.0 = Debug|Any CPU
		{9C88C220-2D12-47BC-ACAF-B0A91C85A55A}.Release|Any CPU.ActiveCfg = Release|Any CPU
		{9C88C220-2D12-47BC-ACAF-B0A91C85A55A}.Release|Any CPU.Build.0 = Release|Any CPU
		{5BAAEC7C-33BB-4BED-B4C7-156C04A0773D}.Debug|Any CPU.ActiveCfg = Debug|Any CPU
		{5BAAEC7C-33BB-4BED-B4C7-156C04A0773D}.Debug|Any CPU.Build.0 = Debug|Any CPU
		{5BAAEC7C-33BB-4BED-B4C7-156C04A0773D}.Release|Any CPU.ActiveCfg = Release|Any CPU
		{5BAAEC7C-33BB-4BED-B4C7-156C04A0773D}.Release|Any CPU.Build.0 = Release|Any CPU
		{0CBEADFC-3939-4B99-AE2A-BFC006EE30E9}.Debug|Any CPU.ActiveCfg = Debug|Any CPU
		{0CBEADFC-3939-4B99-AE2A-BFC006EE30E9}.Debug|Any CPU.Build.0 = Debug|Any CPU
		{0CBEADFC-3939-4B99-AE2A-BFC006EE30E9}.Release|Any CPU.ActiveCfg = Release|Any CPU
		{0CBEADFC-3939-4B99-AE2A-BFC006EE30E9}.Release|Any CPU.Build.0 = Release|Any CPU
		{F2E28CDF-2AFF-4D83-9811-9C2F0899D583}.Debug|Any CPU.ActiveCfg = Debug|Any CPU
		{F2E28CDF-2AFF-4D83-9811-9C2F0899D583}.Debug|Any CPU.Build.0 = Debug|Any CPU
		{F2E28CDF-2AFF-4D83-9811-9C2F0899D583}.Release|Any CPU.ActiveCfg = Release|Any CPU
		{F2E28CDF-2AFF-4D83-9811-9C2F0899D583}.Release|Any CPU.Build.0 = Release|Any CPU
	EndGlobalSection
	GlobalSection(SolutionProperties) = preSolution
		HideSolutionNode = FALSE
	EndGlobalSection
	GlobalSection(NestedProjects) = preSolution
		{2C07F0C4-AA6A-440F-9C2F-6008AEA4E26D} = {52A32303-7F5D-4A7C-BB96-818BB6D9DBC9}
		{86603D6B-243C-44B7-9771-3E7FFC8A973C} = {590C2E7B-6386-4088-B008-CA03A828727F}
		{9C88C220-2D12-47BC-ACAF-B0A91C85A55A} = {07D666EB-1BA6-488D-949B-E7CF8027601D}
		{5BAAEC7C-33BB-4BED-B4C7-156C04A0773D} = {52A32303-7F5D-4A7C-BB96-818BB6D9DBC9}
		{0CBEADFC-3939-4B99-AE2A-BFC006EE30E9} = {417F8039-DDB6-44A0-B4F3-CB0F69D126AE}
		{F2E28CDF-2AFF-4D83-9811-9C2F0899D583} = {417F8039-DDB6-44A0-B4F3-CB0F69D126AE}
	EndGlobalSection
	GlobalSection(ExtensibilityGlobals) = postSolution
		SolutionGuid = {A1FD1929-5EE1-46E1-B3F1-E44D575592B2}
	EndGlobalSection
EndGlobal
